
Microsoft Visual Studio Solution File, Format Version 12.00
# Visual Studio Version 17
VisualStudioVersion = 17.14.36109.1 d17.14
MinimumVisualStudioVersion = 10.0.40219.1
Project("{FAE04EC0-301F-11D3-BF4B-00C04F79EFBC}") = "BookStoreAPI", "BookStoreAPI\BookStoreAPI.csproj", "{974D989B-23FC-43E2-A4ED-190138728F7D}"
EndProject
Global
	GlobalSection(SolutionConfigurationPlatforms) = preSolution
		Debug|Any CPU = Debug|Any CPU
		Release|Any CPU = Release|Any CPU
	EndGlobalSection
	GlobalSection(ProjectConfigurationPlatforms) = postSolution
		{974D989B-23FC-43E2-A4ED-190138728F7D}.Debug|Any CPU.ActiveCfg = Debug|Any CPU
		{974D989B-23FC-43E2-A4ED-190138728F7D}.Debug|Any CPU.Build.0 = Debug|Any CPU
		{974D989B-23FC-43E2-A4ED-190138728F7D}.Release|Any CPU.ActiveCfg = Release|Any CPU
		{974D989B-23FC-43E2-A4ED-190138728F7D}.Release|Any CPU.Build.0 = Release|Any CPU
	EndGlobalSection
	GlobalSection(SolutionProperties) = preSolution
		HideSolutionNode = FALSE
	EndGlobalSection
	GlobalSection(ExtensibilityGlobals) = postSolution
		SolutionGuid = {C51623E2-1A0E-4220-9DF3-59D13A324013}
	EndGlobalSection
EndGlobal
